
Microsoft Visual Studio Solution File, Format Version 12.00
# Visual Studio Version 17
VisualStudioVersion = 17.7.34024.191
MinimumVisualStudioVersion = 10.0.40219.1
Project("{9A19103F-16F7-4668-BE54-9A1E7A4F7556}") = "StrDss.Api", "StrDss.Api\StrDss.Api.csproj", "{77C9EB5C-AC6F-46AC-89BA-29B8463363BC}"
EndProject
Project("{9A19103F-16F7-4668-BE54-9A1E7A4F7556}") = "StrDss.Test", "StrDss.Test\StrDss.Test.csproj", "{F3EA6086-C7CC-4E18-91BF-A1841EC2D832}"
EndProject
Project("{9A19103F-16F7-4668-BE54-9A1E7A4F7556}") = "StrDss.Service", "StrDss.Service\StrDss.Service.csproj", "{317F2408-681E-4562-A405-1195FC835C00}"
EndProject
Project("{9A19103F-16F7-4668-BE54-9A1E7A4F7556}") = "StrDss.Data", "StrDss.Data\StrDss.Data.csproj", "{237ED83F-522E-4584-8680-2C0A65BBCC4C}"
EndProject
Project("{FAE04EC0-301F-11D3-BF4B-00C04F79EFBC}") = "StrDss.Common", "StrDss.Common\StrDss.Common.csproj", "{B046AD2A-4166-40FD-B9BA-D000366410C4}"
EndProject
Project("{FAE04EC0-301F-11D3-BF4B-00C04F79EFBC}") = "StrDss.Model", "StrDss.Model\StrDss.Model.csproj", "{0357621B-907B-40E4-B82D-6ACD20C45427}"
EndProject
Global
	GlobalSection(SolutionConfigurationPlatforms) = preSolution
		Debug|Any CPU = Debug|Any CPU
		Release|Any CPU = Release|Any CPU
	EndGlobalSection
	GlobalSection(ProjectConfigurationPlatforms) = postSolution
		{77C9EB5C-AC6F-46AC-89BA-29B8463363BC}.Debug|Any CPU.ActiveCfg = Debug|Any CPU
		{77C9EB5C-AC6F-46AC-89BA-29B8463363BC}.Debug|Any CPU.Build.0 = Debug|Any CPU
		{77C9EB5C-AC6F-46AC-89BA-29B8463363BC}.Release|Any CPU.ActiveCfg = Release|Any CPU
		{77C9EB5C-AC6F-46AC-89BA-29B8463363BC}.Release|Any CPU.Build.0 = Release|Any CPU
		{F3EA6086-C7CC-4E18-91BF-A1841EC2D832}.Debug|Any CPU.ActiveCfg = Debug|Any CPU
		{F3EA6086-C7CC-4E18-91BF-A1841EC2D832}.Debug|Any CPU.Build.0 = Debug|Any CPU
		{F3EA6086-C7CC-4E18-91BF-A1841EC2D832}.Release|Any CPU.ActiveCfg = Release|Any CPU
		{F3EA6086-C7CC-4E18-91BF-A1841EC2D832}.Release|Any CPU.Build.0 = Release|Any CPU
		{317F2408-681E-4562-A405-1195FC835C00}.Debug|Any CPU.ActiveCfg = Debug|Any CPU
		{317F2408-681E-4562-A405-1195FC835C00}.Debug|Any CPU.Build.0 = Debug|Any CPU
		{317F2408-681E-4562-A405-1195FC835C00}.Release|Any CPU.ActiveCfg = Release|Any CPU
		{317F2408-681E-4562-A405-1195FC835C00}.Release|Any CPU.Build.0 = Release|Any CPU
		{237ED83F-522E-4584-8680-2C0A65BBCC4C}.Debug|Any CPU.ActiveCfg = Debug|Any CPU
		{237ED83F-522E-4584-8680-2C0A65BBCC4C}.Debug|Any CPU.Build.0 = Debug|Any CPU
		{237ED83F-522E-4584-8680-2C0A65BBCC4C}.Release|Any CPU.ActiveCfg = Release|Any CPU
		{237ED83F-522E-4584-8680-2C0A65BBCC4C}.Release|Any CPU.Build.0 = Release|Any CPU
		{B046AD2A-4166-40FD-B9BA-D000366410C4}.Debug|Any CPU.ActiveCfg = Debug|Any CPU
		{B046AD2A-4166-40FD-B9BA-D000366410C4}.Debug|Any CPU.Build.0 = Debug|Any CPU
		{B046AD2A-4166-40FD-B9BA-D000366410C4}.Release|Any CPU.ActiveCfg = Release|Any CPU
		{B046AD2A-4166-40FD-B9BA-D000366410C4}.Release|Any CPU.Build.0 = Release|Any CPU
		{0357621B-907B-40E4-B82D-6ACD20C45427}.Debug|Any CPU.ActiveCfg = Debug|Any CPU
		{0357621B-907B-40E4-B82D-6ACD20C45427}.Debug|Any CPU.Build.0 = Debug|Any CPU
		{0357621B-907B-40E4-B82D-6ACD20C45427}.Release|Any CPU.ActiveCfg = Release|Any CPU
		{0357621B-907B-40E4-B82D-6ACD20C45427}.Release|Any CPU.Build.0 = Release|Any CPU
	EndGlobalSection
	GlobalSection(SolutionProperties) = preSolution
		HideSolutionNode = FALSE
	EndGlobalSection
	GlobalSection(ExtensibilityGlobals) = postSolution
		SolutionGuid = {44869106-D5E7-4312-9984-CD2AB29CA43F}
	EndGlobalSection
EndGlobal
